// !$*UTF8*$!
{
	archiveVersion = 1;
	classes = {
	};
	objectVersion = 55;
	objects = {

/* Begin PBXBuildFile section */
		790EA67127F30883003F44E2 /* MovieDetailsViewController.swift in Sources */ = {isa = PBXBuildFile; fileRef = 790EA67027F30883003F44E2 /* MovieDetailsViewController.swift */; };
		790EA67427F3355B003F44E2 /* SnapKit in Frameworks */ = {isa = PBXBuildFile; productRef = 790EA67327F3355B003F44E2 /* SnapKit */; };
		790EA67A27FC35E2003F44E2 /* MovieAppData in Frameworks */ = {isa = PBXBuildFile; productRef = 790EA67927FC35E2003F44E2 /* MovieAppData */; };
		790EA67C27FC3615003F44E2 /* MovieListViewController.swift in Sources */ = {isa = PBXBuildFile; fileRef = 790EA67B27FC3615003F44E2 /* MovieListViewController.swift */; };
		790EA67E27FC3D64003F44E2 /* SearchBarView.swift in Sources */ = {isa = PBXBuildFile; fileRef = 790EA67D27FC3D64003F44E2 /* SearchBarView.swift */; };
		790EA68027FC3D7F003F44E2 /* SearchViewController.swift in Sources */ = {isa = PBXBuildFile; fileRef = 790EA67F27FC3D7F003F44E2 /* SearchViewController.swift */; };
		790EA68227FC3D97003F44E2 /* FavoritesViewController.swift in Sources */ = {isa = PBXBuildFile; fileRef = 790EA68127FC3D97003F44E2 /* FavoritesViewController.swift */; };
		790EA68427FC3DE7003F44E2 /* FilterTableViewCell.swift in Sources */ = {isa = PBXBuildFile; fileRef = 790EA68327FC3DE7003F44E2 /* FilterTableViewCell.swift */; };
		790EA68627FC3DFA003F44E2 /* MovieCollectionViewCell.swift in Sources */ = {isa = PBXBuildFile; fileRef = 790EA68527FC3DFA003F44E2 /* MovieCollectionViewCell.swift */; };
		790EA68827FC3E0E003F44E2 /* SearchTableViewCell.swift in Sources */ = {isa = PBXBuildFile; fileRef = 790EA68727FC3E0E003F44E2 /* SearchTableViewCell.swift */; };
		790EA68A280D85C6003F44E2 /* buttonStackView.swift in Sources */ = {isa = PBXBuildFile; fileRef = 790EA689280D85C5003F44E2 /* buttonStackView.swift */; };
		790EA68E280DE045003F44E2 /* Extensions.swift in Sources */ = {isa = PBXBuildFile; fileRef = 790EA68D280DE045003F44E2 /* Extensions.swift */; };
		790EA69028268D86003F44E2 /* CustomUITabBarController.swift in Sources */ = {isa = PBXBuildFile; fileRef = 790EA68F28268D86003F44E2 /* CustomUITabBarController.swift */; };
		790EA6922826F61C003F44E2 /* NetworkService.swift in Sources */ = {isa = PBXBuildFile; fileRef = 790EA6912826F61C003F44E2 /* NetworkService.swift */; };
		790EA694282717F7003F44E2 /* genre.swift in Sources */ = {isa = PBXBuildFile; fileRef = 790EA693282717F7003F44E2 /* genre.swift */; };
		790EA696282718AF003F44E2 /* moviePopular.swift in Sources */ = {isa = PBXBuildFile; fileRef = 790EA695282718AF003F44E2 /* moviePopular.swift */; };
		790EA69C28272134003F44E2 /* moviesDownload.swift in Sources */ = {isa = PBXBuildFile; fileRef = 790EA69B28272134003F44E2 /* moviesDownload.swift */; };
		790EA6A02827225D003F44E2 /* movieDetailed.swift in Sources */ = {isa = PBXBuildFile; fileRef = 790EA69F2827225D003F44E2 /* movieDetailed.swift */; };
		793F350427F2310D00C9CD33 /* AppDelegate.swift in Sources */ = {isa = PBXBuildFile; fileRef = 793F350327F2310D00C9CD33 /* AppDelegate.swift */; };
		793F350627F2310D00C9CD33 /* SceneDelegate.swift in Sources */ = {isa = PBXBuildFile; fileRef = 793F350527F2310D00C9CD33 /* SceneDelegate.swift */; };
		793F350D27F2310F00C9CD33 /* Assets.xcassets in Resources */ = {isa = PBXBuildFile; fileRef = 793F350C27F2310F00C9CD33 /* Assets.xcassets */; };
		793F351027F2310F00C9CD33 /* LaunchScreen.storyboard in Resources */ = {isa = PBXBuildFile; fileRef = 793F350E27F2310F00C9CD33 /* LaunchScreen.storyboard */; };
		794B2B8B28281B5200AB89C4 /* MovieData.swift in Sources */ = {isa = PBXBuildFile; fileRef = 794B2B8A28281B5200AB89C4 /* MovieData.swift */; };
		794B2B8D2828681A00AB89C4 /* movieDetailData.swift in Sources */ = {isa = PBXBuildFile; fileRef = 794B2B8C2828681A00AB89C4 /* movieDetailData.swift */; };
		794B2B8F2843699500AB89C4 /* MoviesRepository.swift in Sources */ = {isa = PBXBuildFile; fileRef = 794B2B8E2843699500AB89C4 /* MoviesRepository.swift */; };
		794B2B9128436A0C00AB89C4 /* MoviesDatabaseDataSource.swift in Sources */ = {isa = PBXBuildFile; fileRef = 794B2B9028436A0C00AB89C4 /* MoviesDatabaseDataSource.swift */; };
		794B2B9328436A3300AB89C4 /* MoviesNetworkDataSource.swift in Sources */ = {isa = PBXBuildFile; fileRef = 794B2B9228436A3300AB89C4 /* MoviesNetworkDataSource.swift */; };
		794B2B972843793D00AB89C4 /* moviesDatabase.xcdatamodeld in Sources */ = {isa = PBXBuildFile; fileRef = 794B2B952843793D00AB89C4 /* moviesDatabase.xcdatamodeld */; };
		794B2BD42843D4C500AB89C4 /* CoreDataStack.swift in Sources */ = {isa = PBXBuildFile; fileRef = 794B2BD32843D4C500AB89C4 /* CoreDataStack.swift */; };
		794B2BDB2843F05400AB89C4 /* Movie+CoreDataClass.swift in Sources */ = {isa = PBXBuildFile; fileRef = 794B2BD52843F05400AB89C4 /* Movie+CoreDataClass.swift */; };
		794B2BDC2843F05400AB89C4 /* Movie+CoreDataProperties.swift in Sources */ = {isa = PBXBuildFile; fileRef = 794B2BD62843F05400AB89C4 /* Movie+CoreDataProperties.swift */; };
		794B2BDD2843F05400AB89C4 /* MovieGroup+CoreDataClass.swift in Sources */ = {isa = PBXBuildFile; fileRef = 794B2BD72843F05400AB89C4 /* MovieGroup+CoreDataClass.swift */; };
		794B2BDE2843F05400AB89C4 /* MovieGroup+CoreDataProperties.swift in Sources */ = {isa = PBXBuildFile; fileRef = 794B2BD82843F05400AB89C4 /* MovieGroup+CoreDataProperties.swift */; };
		794B2BDF2843F05400AB89C4 /* MovieGenre+CoreDataClass.swift in Sources */ = {isa = PBXBuildFile; fileRef = 794B2BD92843F05400AB89C4 /* MovieGenre+CoreDataClass.swift */; };
		794B2BE02843F05400AB89C4 /* MovieGenre+CoreDataProperties.swift in Sources */ = {isa = PBXBuildFile; fileRef = 794B2BDA2843F05400AB89C4 /* MovieGenre+CoreDataProperties.swift */; };
		794B2BE22843F43100AB89C4 /* FavoritesView.swift in Sources */ = {isa = PBXBuildFile; fileRef = 794B2BE12843F43100AB89C4 /* FavoritesView.swift */; };
		794B2BE42844128000AB89C4 /* movieStored.swift in Sources */ = {isa = PBXBuildFile; fileRef = 794B2BE32844128000AB89C4 /* movieStored.swift */; };
/* End PBXBuildFile section */

/* Begin PBXFileReference section */
		790EA67027F30883003F44E2 /* MovieDetailsViewController.swift */ = {isa = PBXFileReference; lastKnownFileType = sourcecode.swift; path = MovieDetailsViewController.swift; sourceTree = "<group>"; };
		790EA67B27FC3615003F44E2 /* MovieListViewController.swift */ = {isa = PBXFileReference; lastKnownFileType = sourcecode.swift; path = MovieListViewController.swift; sourceTree = "<group>"; };
		790EA67D27FC3D64003F44E2 /* SearchBarView.swift */ = {isa = PBXFileReference; lastKnownFileType = sourcecode.swift; path = SearchBarView.swift; sourceTree = "<group>"; };
		790EA67F27FC3D7F003F44E2 /* SearchViewController.swift */ = {isa = PBXFileReference; lastKnownFileType = sourcecode.swift; path = SearchViewController.swift; sourceTree = "<group>"; };
		790EA68127FC3D97003F44E2 /* FavoritesViewController.swift */ = {isa = PBXFileReference; lastKnownFileType = sourcecode.swift; path = FavoritesViewController.swift; sourceTree = "<group>"; };
		790EA68327FC3DE7003F44E2 /* FilterTableViewCell.swift */ = {isa = PBXFileReference; lastKnownFileType = sourcecode.swift; path = FilterTableViewCell.swift; sourceTree = "<group>"; };
		790EA68527FC3DFA003F44E2 /* MovieCollectionViewCell.swift */ = {isa = PBXFileReference; lastKnownFileType = sourcecode.swift; path = MovieCollectionViewCell.swift; sourceTree = "<group>"; };
		790EA68727FC3E0E003F44E2 /* SearchTableViewCell.swift */ = {isa = PBXFileReference; lastKnownFileType = sourcecode.swift; path = SearchTableViewCell.swift; sourceTree = "<group>"; };
		790EA689280D85C5003F44E2 /* buttonStackView.swift */ = {isa = PBXFileReference; lastKnownFileType = sourcecode.swift; path = buttonStackView.swift; sourceTree = "<group>"; };
		790EA68D280DE045003F44E2 /* Extensions.swift */ = {isa = PBXFileReference; lastKnownFileType = sourcecode.swift; path = Extensions.swift; sourceTree = "<group>"; };
		790EA68F28268D86003F44E2 /* CustomUITabBarController.swift */ = {isa = PBXFileReference; lastKnownFileType = sourcecode.swift; path = CustomUITabBarController.swift; sourceTree = "<group>"; };
		790EA6912826F61C003F44E2 /* NetworkService.swift */ = {isa = PBXFileReference; lastKnownFileType = sourcecode.swift; path = NetworkService.swift; sourceTree = "<group>"; };
		790EA693282717F7003F44E2 /* genre.swift */ = {isa = PBXFileReference; lastKnownFileType = sourcecode.swift; path = genre.swift; sourceTree = "<group>"; };
		790EA695282718AF003F44E2 /* moviePopular.swift */ = {isa = PBXFileReference; lastKnownFileType = sourcecode.swift; path = moviePopular.swift; sourceTree = "<group>"; };
		790EA69B28272134003F44E2 /* moviesDownload.swift */ = {isa = PBXFileReference; lastKnownFileType = sourcecode.swift; path = moviesDownload.swift; sourceTree = "<group>"; };
		790EA69F2827225D003F44E2 /* movieDetailed.swift */ = {isa = PBXFileReference; lastKnownFileType = sourcecode.swift; path = movieDetailed.swift; sourceTree = "<group>"; };
		793F350027F2310D00C9CD33 /* MovieApp.app */ = {isa = PBXFileReference; explicitFileType = wrapper.application; includeInIndex = 0; path = MovieApp.app; sourceTree = BUILT_PRODUCTS_DIR; };
		793F350327F2310D00C9CD33 /* AppDelegate.swift */ = {isa = PBXFileReference; lastKnownFileType = sourcecode.swift; path = AppDelegate.swift; sourceTree = "<group>"; };
		793F350527F2310D00C9CD33 /* SceneDelegate.swift */ = {isa = PBXFileReference; lastKnownFileType = sourcecode.swift; path = SceneDelegate.swift; sourceTree = "<group>"; };
		793F350C27F2310F00C9CD33 /* Assets.xcassets */ = {isa = PBXFileReference; lastKnownFileType = folder.assetcatalog; path = Assets.xcassets; sourceTree = "<group>"; };
		793F350F27F2310F00C9CD33 /* Base */ = {isa = PBXFileReference; lastKnownFileType = file.storyboard; name = Base; path = Base.lproj/LaunchScreen.storyboard; sourceTree = "<group>"; };
		793F351127F2310F00C9CD33 /* Info.plist */ = {isa = PBXFileReference; lastKnownFileType = text.plist.xml; path = Info.plist; sourceTree = "<group>"; };
		794B2B8A28281B5200AB89C4 /* MovieData.swift */ = {isa = PBXFileReference; lastKnownFileType = sourcecode.swift; path = MovieData.swift; sourceTree = "<group>"; };
		794B2B8C2828681A00AB89C4 /* movieDetailData.swift */ = {isa = PBXFileReference; lastKnownFileType = sourcecode.swift; path = movieDetailData.swift; sourceTree = "<group>"; };
		794B2B8E2843699500AB89C4 /* MoviesRepository.swift */ = {isa = PBXFileReference; lastKnownFileType = sourcecode.swift; path = MoviesRepository.swift; sourceTree = "<group>"; };
		794B2B9028436A0C00AB89C4 /* MoviesDatabaseDataSource.swift */ = {isa = PBXFileReference; lastKnownFileType = sourcecode.swift; path = MoviesDatabaseDataSource.swift; sourceTree = "<group>"; };
		794B2B9228436A3300AB89C4 /* MoviesNetworkDataSource.swift */ = {isa = PBXFileReference; lastKnownFileType = sourcecode.swift; path = MoviesNetworkDataSource.swift; sourceTree = "<group>"; };
		794B2B962843793D00AB89C4 /* moviesDatabase.xcdatamodel */ = {isa = PBXFileReference; lastKnownFileType = wrapper.xcdatamodel; path = moviesDatabase.xcdatamodel; sourceTree = "<group>"; };
		794B2BD32843D4C500AB89C4 /* CoreDataStack.swift */ = {isa = PBXFileReference; lastKnownFileType = sourcecode.swift; path = CoreDataStack.swift; sourceTree = "<group>"; };
		794B2BD52843F05400AB89C4 /* Movie+CoreDataClass.swift */ = {isa = PBXFileReference; lastKnownFileType = sourcecode.swift; path = "Movie+CoreDataClass.swift"; sourceTree = "<group>"; };
		794B2BD62843F05400AB89C4 /* Movie+CoreDataProperties.swift */ = {isa = PBXFileReference; lastKnownFileType = sourcecode.swift; path = "Movie+CoreDataProperties.swift"; sourceTree = "<group>"; };
		794B2BD72843F05400AB89C4 /* MovieGroup+CoreDataClass.swift */ = {isa = PBXFileReference; lastKnownFileType = sourcecode.swift; path = "MovieGroup+CoreDataClass.swift"; sourceTree = "<group>"; };
		794B2BD82843F05400AB89C4 /* MovieGroup+CoreDataProperties.swift */ = {isa = PBXFileReference; lastKnownFileType = sourcecode.swift; path = "MovieGroup+CoreDataProperties.swift"; sourceTree = "<group>"; };
		794B2BD92843F05400AB89C4 /* MovieGenre+CoreDataClass.swift */ = {isa = PBXFileReference; lastKnownFileType = sourcecode.swift; path = "MovieGenre+CoreDataClass.swift"; sourceTree = "<group>"; };
		794B2BDA2843F05400AB89C4 /* MovieGenre+CoreDataProperties.swift */ = {isa = PBXFileReference; lastKnownFileType = sourcecode.swift; path = "MovieGenre+CoreDataProperties.swift"; sourceTree = "<group>"; };
		794B2BE12843F43100AB89C4 /* FavoritesView.swift */ = {isa = PBXFileReference; lastKnownFileType = sourcecode.swift; path = FavoritesView.swift; sourceTree = "<group>"; };
		794B2BE32844128000AB89C4 /* movieStored.swift */ = {isa = PBXFileReference; lastKnownFileType = sourcecode.swift; path = movieStored.swift; sourceTree = "<group>"; };
/* End PBXFileReference section */

/* Begin PBXFrameworksBuildPhase section */
		793F34FD27F2310D00C9CD33 /* Frameworks */ = {
			isa = PBXFrameworksBuildPhase;
			buildActionMask = 2147483647;
			files = (
				790EA67427F3355B003F44E2 /* SnapKit in Frameworks */,
				790EA67A27FC35E2003F44E2 /* MovieAppData in Frameworks */,
			);
			runOnlyForDeploymentPostprocessing = 0;
		};
/* End PBXFrameworksBuildPhase section */

/* Begin PBXGroup section */
		790EA68B280DDF21003F44E2 /* Search */ = {
			isa = PBXGroup;
			children = (
				790EA67F27FC3D7F003F44E2 /* SearchViewController.swift */,
				790EA67D27FC3D64003F44E2 /* SearchBarView.swift */,
				790EA68727FC3E0E003F44E2 /* SearchTableViewCell.swift */,
			);
			path = Search;
			sourceTree = "<group>";
		};
		790EA68C280DDF6A003F44E2 /* MovieFilters */ = {
			isa = PBXGroup;
			children = (
				790EA67027F30883003F44E2 /* MovieDetailsViewController.swift */,
				790EA67B27FC3615003F44E2 /* MovieListViewController.swift */,
				790EA68127FC3D97003F44E2 /* FavoritesViewController.swift */,
				790EA68327FC3DE7003F44E2 /* FilterTableViewCell.swift */,
				790EA68527FC3DFA003F44E2 /* MovieCollectionViewCell.swift */,
				790EA68D280DE045003F44E2 /* Extensions.swift */,
				790EA68F28268D86003F44E2 /* CustomUITabBarController.swift */,
				790EA6912826F61C003F44E2 /* NetworkService.swift */,
				794B2B8A28281B5200AB89C4 /* MovieData.swift */,
				794B2B8C2828681A00AB89C4 /* movieDetailData.swift */,
				794B2BE12843F43100AB89C4 /* FavoritesView.swift */,
			);
			path = MovieFilters;
			sourceTree = "<group>";
		};
		793F34F727F2310C00C9CD33 = {
			isa = PBXGroup;
			children = (
				790EA689280D85C5003F44E2 /* buttonStackView.swift */,
				793F350227F2310D00C9CD33 /* MovieApp */,
				793F350127F2310D00C9CD33 /* Products */,
			);
			sourceTree = "<group>";
		};
		793F350127F2310D00C9CD33 /* Products */ = {
			isa = PBXGroup;
			children = (
				793F350027F2310D00C9CD33 /* MovieApp.app */,
			);
			name = Products;
			sourceTree = "<group>";
		};
		793F350227F2310D00C9CD33 /* MovieApp */ = {
			isa = PBXGroup;
			children = (
				794B2B94284378ED00AB89C4 /* CoreData */,
				794B2B89282803B300AB89C4 /* models */,
				790EA68C280DDF6A003F44E2 /* MovieFilters */,
				790EA68B280DDF21003F44E2 /* Search */,
				793F350327F2310D00C9CD33 /* AppDelegate.swift */,
				793F350527F2310D00C9CD33 /* SceneDelegate.swift */,
				793F350C27F2310F00C9CD33 /* Assets.xcassets */,
				793F350E27F2310F00C9CD33 /* LaunchScreen.storyboard */,
				793F351127F2310F00C9CD33 /* Info.plist */,
			);
			path = MovieApp;
			sourceTree = "<group>";
		};
		794B2B89282803B300AB89C4 /* models */ = {
			isa = PBXGroup;
			children = (
				790EA693282717F7003F44E2 /* genre.swift */,
				790EA695282718AF003F44E2 /* moviePopular.swift */,
				790EA69B28272134003F44E2 /* moviesDownload.swift */,
				790EA69F2827225D003F44E2 /* movieDetailed.swift */,
				794B2B9028436A0C00AB89C4 /* MoviesDatabaseDataSource.swift */,
				794B2B9228436A3300AB89C4 /* MoviesNetworkDataSource.swift */,
				794B2BD32843D4C500AB89C4 /* CoreDataStack.swift */,
				794B2BE32844128000AB89C4 /* movieStored.swift */,
			);
			path = models;
			sourceTree = "<group>";
		};
		794B2B94284378ED00AB89C4 /* CoreData */ = {
			isa = PBXGroup;
			children = (
				794B2BD52843F05400AB89C4 /* Movie+CoreDataClass.swift */,
				794B2BD62843F05400AB89C4 /* Movie+CoreDataProperties.swift */,
				794B2BD72843F05400AB89C4 /* MovieGroup+CoreDataClass.swift */,
				794B2BD82843F05400AB89C4 /* MovieGroup+CoreDataProperties.swift */,
				794B2BD92843F05400AB89C4 /* MovieGenre+CoreDataClass.swift */,
				794B2BDA2843F05400AB89C4 /* MovieGenre+CoreDataProperties.swift */,
				794B2B952843793D00AB89C4 /* moviesDatabase.xcdatamodeld */,
				794B2B8E2843699500AB89C4 /* MoviesRepository.swift */,
			);
			path = CoreData;
			sourceTree = "<group>";
		};
/* End PBXGroup section */

/* Begin PBXNativeTarget section */
		793F34FF27F2310D00C9CD33 /* MovieApp */ = {
			isa = PBXNativeTarget;
			buildConfigurationList = 793F351427F2310F00C9CD33 /* Build configuration list for PBXNativeTarget "MovieApp" */;
			buildPhases = (
				793F34FC27F2310D00C9CD33 /* Sources */,
				793F34FD27F2310D00C9CD33 /* Frameworks */,
				793F34FE27F2310D00C9CD33 /* Resources */,
			);
			buildRules = (
			);
			dependencies = (
			);
			name = MovieApp;
			packageProductDependencies = (
				790EA67327F3355B003F44E2 /* SnapKit */,
				790EA67927FC35E2003F44E2 /* MovieAppData */,
			);
			productName = MovieApp;
			productReference = 793F350027F2310D00C9CD33 /* MovieApp.app */;
			productType = "com.apple.product-type.application";
		};
/* End PBXNativeTarget section */

/* Begin PBXProject section */
		793F34F827F2310C00C9CD33 /* Project object */ = {
			isa = PBXProject;
			attributes = {
				BuildIndependentTargetsInParallel = 1;
				LastSwiftUpdateCheck = 1320;
				LastUpgradeCheck = 1320;
				TargetAttributes = {
					793F34FF27F2310D00C9CD33 = {
						CreatedOnToolsVersion = 13.2.1;
					};
				};
			};
			buildConfigurationList = 793F34FB27F2310C00C9CD33 /* Build configuration list for PBXProject "MovieApp" */;
			compatibilityVersion = "Xcode 13.0";
			developmentRegion = en;
			hasScannedForEncodings = 0;
			knownRegions = (
				en,
				Base,
			);
			mainGroup = 793F34F727F2310C00C9CD33;
			packageReferences = (
				790EA67227F3355B003F44E2 /* XCRemoteSwiftPackageReference "SnapKit" */,
				790EA67827FC35E2003F44E2 /* XCRemoteSwiftPackageReference "MovieAppData" */,
			);
			productRefGroup = 793F350127F2310D00C9CD33 /* Products */;
			projectDirPath = "";
			projectRoot = "";
			targets = (
				793F34FF27F2310D00C9CD33 /* MovieApp */,
			);
		};
/* End PBXProject section */

/* Begin PBXResourcesBuildPhase section */
		793F34FE27F2310D00C9CD33 /* Resources */ = {
			isa = PBXResourcesBuildPhase;
			buildActionMask = 2147483647;
			files = (
				793F351027F2310F00C9CD33 /* LaunchScreen.storyboard in Resources */,
				793F350D27F2310F00C9CD33 /* Assets.xcassets in Resources */,
			);
			runOnlyForDeploymentPostprocessing = 0;
		};
/* End PBXResourcesBuildPhase section */

/* Begin PBXSourcesBuildPhase section */
		793F34FC27F2310D00C9CD33 /* Sources */ = {
			isa = PBXSourcesBuildPhase;
			buildActionMask = 2147483647;
			files = (
				794B2B9328436A3300AB89C4 /* MoviesNetworkDataSource.swift in Sources */,
				790EA696282718AF003F44E2 /* moviePopular.swift in Sources */,
				794B2B8F2843699500AB89C4 /* MoviesRepository.swift in Sources */,
				794B2B972843793D00AB89C4 /* moviesDatabase.xcdatamodeld in Sources */,
				794B2B8D2828681A00AB89C4 /* movieDetailData.swift in Sources */,
				790EA68027FC3D7F003F44E2 /* SearchViewController.swift in Sources */,
				790EA67E27FC3D64003F44E2 /* SearchBarView.swift in Sources */,
				794B2BD42843D4C500AB89C4 /* CoreDataStack.swift in Sources */,
				794B2B8B28281B5200AB89C4 /* MovieData.swift in Sources */,
				794B2BE42844128000AB89C4 /* movieStored.swift in Sources */,
				790EA68227FC3D97003F44E2 /* FavoritesViewController.swift in Sources */,
				790EA67127F30883003F44E2 /* MovieDetailsViewController.swift in Sources */,
				794B2B9128436A0C00AB89C4 /* MoviesDatabaseDataSource.swift in Sources */,
				794B2BDF2843F05400AB89C4 /* MovieGenre+CoreDataClass.swift in Sources */,
				790EA694282717F7003F44E2 /* genre.swift in Sources */,
				790EA6A02827225D003F44E2 /* movieDetailed.swift in Sources */,
				793F350427F2310D00C9CD33 /* AppDelegate.swift in Sources */,
				790EA68A280D85C6003F44E2 /* buttonStackView.swift in Sources */,
				790EA6922826F61C003F44E2 /* NetworkService.swift in Sources */,
				790EA69028268D86003F44E2 /* CustomUITabBarController.swift in Sources */,
				794B2BDD2843F05400AB89C4 /* MovieGroup+CoreDataClass.swift in Sources */,
				794B2BDB2843F05400AB89C4 /* Movie+CoreDataClass.swift in Sources */,
				794B2BE02843F05400AB89C4 /* MovieGenre+CoreDataProperties.swift in Sources */,
				790EA68427FC3DE7003F44E2 /* FilterTableViewCell.swift in Sources */,
				790EA68E280DE045003F44E2 /* Extensions.swift in Sources */,
				790EA68627FC3DFA003F44E2 /* MovieCollectionViewCell.swift in Sources */,
				794B2BDC2843F05400AB89C4 /* Movie+CoreDataProperties.swift in Sources */,
				793F350627F2310D00C9CD33 /* SceneDelegate.swift in Sources */,
				794B2BDE2843F05400AB89C4 /* MovieGroup+CoreDataProperties.swift in Sources */,
				794B2BE22843F43100AB89C4 /* FavoritesView.swift in Sources */,
				790EA67C27FC3615003F44E2 /* MovieListViewController.swift in Sources */,
				790EA69C28272134003F44E2 /* moviesDownload.swift in Sources */,
				790EA68827FC3E0E003F44E2 /* SearchTableViewCell.swift in Sources */,
			);
			runOnlyForDeploymentPostprocessing = 0;
		};
/* End PBXSourcesBuildPhase section */

/* Begin PBXVariantGroup section */
		793F350E27F2310F00C9CD33 /* LaunchScreen.storyboard */ = {
			isa = PBXVariantGroup;
			children = (
				793F350F27F2310F00C9CD33 /* Base */,
			);
			name = LaunchScreen.storyboard;
			sourceTree = "<group>";
		};
/* End PBXVariantGroup section */

/* Begin XCBuildConfiguration section */
		793F351227F2310F00C9CD33 /* Debug */ = {
			isa = XCBuildConfiguration;
			buildSettings = {
				ALWAYS_SEARCH_USER_PATHS = NO;
				CLANG_ANALYZER_NONNULL = YES;
				CLANG_ANALYZER_NUMBER_OBJECT_CONVERSION = YES_AGGRESSIVE;
				CLANG_CXX_LANGUAGE_STANDARD = "gnu++17";
				CLANG_CXX_LIBRARY = "libc++";
				CLANG_ENABLE_MODULES = YES;
				CLANG_ENABLE_OBJC_ARC = YES;
				CLANG_ENABLE_OBJC_WEAK = YES;
				CLANG_WARN_BLOCK_CAPTURE_AUTORELEASING = YES;
				CLANG_WARN_BOOL_CONVERSION = YES;
				CLANG_WARN_COMMA = YES;
				CLANG_WARN_CONSTANT_CONVERSION = YES;
				CLANG_WARN_DEPRECATED_OBJC_IMPLEMENTATIONS = YES;
				CLANG_WARN_DIRECT_OBJC_ISA_USAGE = YES_ERROR;
				CLANG_WARN_DOCUMENTATION_COMMENTS = YES;
				CLANG_WARN_EMPTY_BODY = YES;
				CLANG_WARN_ENUM_CONVERSION = YES;
				CLANG_WARN_INFINITE_RECURSION = YES;
				CLANG_WARN_INT_CONVERSION = YES;
				CLANG_WARN_NON_LITERAL_NULL_CONVERSION = YES;
				CLANG_WARN_OBJC_IMPLICIT_RETAIN_SELF = YES;
				CLANG_WARN_OBJC_LITERAL_CONVERSION = YES;
				CLANG_WARN_OBJC_ROOT_CLASS = YES_ERROR;
				CLANG_WARN_QUOTED_INCLUDE_IN_FRAMEWORK_HEADER = YES;
				CLANG_WARN_RANGE_LOOP_ANALYSIS = YES;
				CLANG_WARN_STRICT_PROTOTYPES = YES;
				CLANG_WARN_SUSPICIOUS_MOVE = YES;
				CLANG_WARN_UNGUARDED_AVAILABILITY = YES_AGGRESSIVE;
				CLANG_WARN_UNREACHABLE_CODE = YES;
				CLANG_WARN__DUPLICATE_METHOD_MATCH = YES;
				COPY_PHASE_STRIP = NO;
				DEBUG_INFORMATION_FORMAT = dwarf;
				ENABLE_STRICT_OBJC_MSGSEND = YES;
				ENABLE_TESTABILITY = YES;
				GCC_C_LANGUAGE_STANDARD = gnu11;
				GCC_DYNAMIC_NO_PIC = NO;
				GCC_NO_COMMON_BLOCKS = YES;
				GCC_OPTIMIZATION_LEVEL = 0;
				GCC_PREPROCESSOR_DEFINITIONS = (
					"DEBUG=1",
					"$(inherited)",
				);
				GCC_WARN_64_TO_32_BIT_CONVERSION = YES;
				GCC_WARN_ABOUT_RETURN_TYPE = YES_ERROR;
				GCC_WARN_UNDECLARED_SELECTOR = YES;
				GCC_WARN_UNINITIALIZED_AUTOS = YES_AGGRESSIVE;
				GCC_WARN_UNUSED_FUNCTION = YES;
				GCC_WARN_UNUSED_VARIABLE = YES;
				IPHONEOS_DEPLOYMENT_TARGET = 15.2;
				MTL_ENABLE_DEBUG_INFO = INCLUDE_SOURCE;
				MTL_FAST_MATH = YES;
				ONLY_ACTIVE_ARCH = YES;
				SDKROOT = iphoneos;
				SWIFT_ACTIVE_COMPILATION_CONDITIONS = DEBUG;
				SWIFT_OPTIMIZATION_LEVEL = "-Onone";
			};
			name = Debug;
		};
		793F351327F2310F00C9CD33 /* Release */ = {
			isa = XCBuildConfiguration;
			buildSettings = {
				ALWAYS_SEARCH_USER_PATHS = NO;
				CLANG_ANALYZER_NONNULL = YES;
				CLANG_ANALYZER_NUMBER_OBJECT_CONVERSION = YES_AGGRESSIVE;
				CLANG_CXX_LANGUAGE_STANDARD = "gnu++17";
				CLANG_CXX_LIBRARY = "libc++";
				CLANG_ENABLE_MODULES = YES;
				CLANG_ENABLE_OBJC_ARC = YES;
				CLANG_ENABLE_OBJC_WEAK = YES;
				CLANG_WARN_BLOCK_CAPTURE_AUTORELEASING = YES;
				CLANG_WARN_BOOL_CONVERSION = YES;
				CLANG_WARN_COMMA = YES;
				CLANG_WARN_CONSTANT_CONVERSION = YES;
				CLANG_WARN_DEPRECATED_OBJC_IMPLEMENTATIONS = YES;
				CLANG_WARN_DIRECT_OBJC_ISA_USAGE = YES_ERROR;
				CLANG_WARN_DOCUMENTATION_COMMENTS = YES;
				CLANG_WARN_EMPTY_BODY = YES;
				CLANG_WARN_ENUM_CONVERSION = YES;
				CLANG_WARN_INFINITE_RECURSION = YES;
				CLANG_WARN_INT_CONVERSION = YES;
				CLANG_WARN_NON_LITERAL_NULL_CONVERSION = YES;
				CLANG_WARN_OBJC_IMPLICIT_RETAIN_SELF = YES;
				CLANG_WARN_OBJC_LITERAL_CONVERSION = YES;
				CLANG_WARN_OBJC_ROOT_CLASS = YES_ERROR;
				CLANG_WARN_QUOTED_INCLUDE_IN_FRAMEWORK_HEADER = YES;
				CLANG_WARN_RANGE_LOOP_ANALYSIS = YES;
				CLANG_WARN_STRICT_PROTOTYPES = YES;
				CLANG_WARN_SUSPICIOUS_MOVE = YES;
				CLANG_WARN_UNGUARDED_AVAILABILITY = YES_AGGRESSIVE;
				CLANG_WARN_UNREACHABLE_CODE = YES;
				CLANG_WARN__DUPLICATE_METHOD_MATCH = YES;
				COPY_PHASE_STRIP = NO;
				DEBUG_INFORMATION_FORMAT = "dwarf-with-dsym";
				ENABLE_NS_ASSERTIONS = NO;
				ENABLE_STRICT_OBJC_MSGSEND = YES;
				GCC_C_LANGUAGE_STANDARD = gnu11;
				GCC_NO_COMMON_BLOCKS = YES;
				GCC_WARN_64_TO_32_BIT_CONVERSION = YES;
				GCC_WARN_ABOUT_RETURN_TYPE = YES_ERROR;
				GCC_WARN_UNDECLARED_SELECTOR = YES;
				GCC_WARN_UNINITIALIZED_AUTOS = YES_AGGRESSIVE;
				GCC_WARN_UNUSED_FUNCTION = YES;
				GCC_WARN_UNUSED_VARIABLE = YES;
				IPHONEOS_DEPLOYMENT_TARGET = 15.2;
				MTL_ENABLE_DEBUG_INFO = NO;
				MTL_FAST_MATH = YES;
				SDKROOT = iphoneos;
				SWIFT_COMPILATION_MODE = wholemodule;
				SWIFT_OPTIMIZATION_LEVEL = "-O";
				VALIDATE_PRODUCT = YES;
			};
			name = Release;
		};
		793F351527F2310F00C9CD33 /* Debug */ = {
			isa = XCBuildConfiguration;
			buildSettings = {
				ASSETCATALOG_COMPILER_APPICON_NAME = AppIcon;
				ASSETCATALOG_COMPILER_GLOBAL_ACCENT_COLOR_NAME = AccentColor;
				CODE_SIGN_STYLE = Automatic;
				CURRENT_PROJECT_VERSION = 1;
				GENERATE_INFOPLIST_FILE = YES;
				INFOPLIST_FILE = MovieApp/Info.plist;
				INFOPLIST_KEY_UIApplicationSupportsIndirectInputEvents = YES;
				INFOPLIST_KEY_UILaunchStoryboardName = LaunchScreen;
				INFOPLIST_KEY_UISupportedInterfaceOrientations_iPad = "UIInterfaceOrientationPortrait UIInterfaceOrientationPortraitUpsideDown UIInterfaceOrientationLandscapeLeft UIInterfaceOrientationLandscapeRight";
				INFOPLIST_KEY_UISupportedInterfaceOrientations_iPhone = "UIInterfaceOrientationPortrait UIInterfaceOrientationLandscapeLeft UIInterfaceOrientationLandscapeRight";
				LD_RUNPATH_SEARCH_PATHS = (
					"$(inherited)",
					"@executable_path/Frameworks",
				);
				MARKETING_VERSION = 1.0;
				PRODUCT_BUNDLE_IDENTIFIER = hr.fer.prezime.ime.MovieApp;
				PRODUCT_NAME = "$(TARGET_NAME)";
				SWIFT_EMIT_LOC_STRINGS = YES;
				SWIFT_VERSION = 5.0;
				TARGETED_DEVICE_FAMILY = "1,2";
			};
			name = Debug;
		};
		793F351627F2310F00C9CD33 /* Release */ = {
			isa = XCBuildConfiguration;
			buildSettings = {
				ASSETCATALOG_COMPILER_APPICON_NAME = AppIcon;
				ASSETCATALOG_COMPILER_GLOBAL_ACCENT_COLOR_NAME = AccentColor;
				CODE_SIGN_STYLE = Automatic;
				CURRENT_PROJECT_VERSION = 1;
				GENERATE_INFOPLIST_FILE = YES;
				INFOPLIST_FILE = MovieApp/Info.plist;
				INFOPLIST_KEY_UIApplicationSupportsIndirectInputEvents = YES;
				INFOPLIST_KEY_UILaunchStoryboardName = LaunchScreen;
				INFOPLIST_KEY_UISupportedInterfaceOrientations_iPad = "UIInterfaceOrientationPortrait UIInterfaceOrientationPortraitUpsideDown UIInterfaceOrientationLandscapeLeft UIInterfaceOrientationLandscapeRight";
				INFOPLIST_KEY_UISupportedInterfaceOrientations_iPhone = "UIInterfaceOrientationPortrait UIInterfaceOrientationLandscapeLeft UIInterfaceOrientationLandscapeRight";
				LD_RUNPATH_SEARCH_PATHS = (
					"$(inherited)",
					"@executable_path/Frameworks",
				);
				MARKETING_VERSION = 1.0;
				PRODUCT_BUNDLE_IDENTIFIER = hr.fer.prezime.ime.MovieApp;
				PRODUCT_NAME = "$(TARGET_NAME)";
				SWIFT_EMIT_LOC_STRINGS = YES;
				SWIFT_VERSION = 5.0;
				TARGETED_DEVICE_FAMILY = "1,2";
			};
			name = Release;
		};
/* End XCBuildConfiguration section */

/* Begin XCConfigurationList section */
		793F34FB27F2310C00C9CD33 /* Build configuration list for PBXProject "MovieApp" */ = {
			isa = XCConfigurationList;
			buildConfigurations = (
				793F351227F2310F00C9CD33 /* Debug */,
				793F351327F2310F00C9CD33 /* Release */,
			);
			defaultConfigurationIsVisible = 0;
			defaultConfigurationName = Release;
		};
		793F351427F2310F00C9CD33 /* Build configuration list for PBXNativeTarget "MovieApp" */ = {
			isa = XCConfigurationList;
			buildConfigurations = (
				793F351527F2310F00C9CD33 /* Debug */,
				793F351627F2310F00C9CD33 /* Release */,
			);
			defaultConfigurationIsVisible = 0;
			defaultConfigurationName = Release;
		};
/* End XCConfigurationList section */

/* Begin XCRemoteSwiftPackageReference section */
		790EA67227F3355B003F44E2 /* XCRemoteSwiftPackageReference "SnapKit" */ = {
			isa = XCRemoteSwiftPackageReference;
			repositoryURL = "https://github.com/SnapKit/SnapKit.git";
			requirement = {
				kind = upToNextMajorVersion;
				minimumVersion = 5.0.0;
			};
		};
		790EA67827FC35E2003F44E2 /* XCRemoteSwiftPackageReference "MovieAppData" */ = {
			isa = XCRemoteSwiftPackageReference;
			repositoryURL = "https://github.com/fiveagency/MovieAppData.git";
			requirement = {
				branch = main;
				kind = branch;
			};
		};
/* End XCRemoteSwiftPackageReference section */

/* Begin XCSwiftPackageProductDependency section */
		790EA67327F3355B003F44E2 /* SnapKit */ = {
			isa = XCSwiftPackageProductDependency;
			package = 790EA67227F3355B003F44E2 /* XCRemoteSwiftPackageReference "SnapKit" */;
			productName = SnapKit;
		};
		790EA67927FC35E2003F44E2 /* MovieAppData */ = {
			isa = XCSwiftPackageProductDependency;
			package = 790EA67827FC35E2003F44E2 /* XCRemoteSwiftPackageReference "MovieAppData" */;
			productName = MovieAppData;
		};
/* End XCSwiftPackageProductDependency section */

/* Begin XCVersionGroup section */
		794B2B952843793D00AB89C4 /* moviesDatabase.xcdatamodeld */ = {
			isa = XCVersionGroup;
			children = (
				794B2B962843793D00AB89C4 /* moviesDatabase.xcdatamodel */,
			);
			currentVersion = 794B2B962843793D00AB89C4 /* moviesDatabase.xcdatamodel */;
			path = moviesDatabase.xcdatamodeld;
			sourceTree = "<group>";
			versionGroupType = wrapper.xcdatamodel;
		};
/* End XCVersionGroup section */
	};
	rootObject = 793F34F827F2310C00C9CD33 /* Project object */;
}
